
Microsoft Visual Studio Solution File, Format Version 12.00
# Visual Studio Version 16
VisualStudioVersion = 16.0.29509.3
MinimumVisualStudioVersion = 10.0.40219.1
Project("{9A19103F-16F7-4668-BE54-9A1E7A4F7556}") = "aibot-console", "aibot-console\aibot-console.csproj", "{2B67AF7B-A214-40C9-9BCC-CF52BCC94764}"
EndProject
Project("{9A19103F-16F7-4668-BE54-9A1E7A4F7556}") = "aibot-form", "aibot-form\aibot-form.csproj", "{FF5F2927-EEB3-4C69-A7CB-06AF0C1AAA79}"
EndProject
Project("{9A19103F-16F7-4668-BE54-9A1E7A4F7556}") = "aibot-webchat", "aibot-webchat\aibot-webchat.csproj", "{FCACD517-061F-4280-8AF5-48817AC00ADD}"
EndProject
Project("{9A19103F-16F7-4668-BE54-9A1E7A4F7556}") = "aibot-adaptivecards", "aibot-adaptivecards\aibot-adaptivecards.csproj", "{4BECA40E-E619-4C9B-B6AF-4360395DA7E4}"
EndProject
Project("{9A19103F-16F7-4668-BE54-9A1E7A4F7556}") = "aitour-luis", "aitour-luis\aitour-luis.csproj", "{10986EE5-996F-47EC-8DEA-D67CAB093638}"
EndProject
Global
	GlobalSection(SolutionConfigurationPlatforms) = preSolution
		Debug|Any CPU = Debug|Any CPU
		Release|Any CPU = Release|Any CPU
	EndGlobalSection
	GlobalSection(ProjectConfigurationPlatforms) = postSolution
		{2B67AF7B-A214-40C9-9BCC-CF52BCC94764}.Debug|Any CPU.ActiveCfg = Debug|Any CPU
		{2B67AF7B-A214-40C9-9BCC-CF52BCC94764}.Debug|Any CPU.Build.0 = Debug|Any CPU
		{2B67AF7B-A214-40C9-9BCC-CF52BCC94764}.Release|Any CPU.ActiveCfg = Release|Any CPU
		{2B67AF7B-A214-40C9-9BCC-CF52BCC94764}.Release|Any CPU.Build.0 = Release|Any CPU
		{FF5F2927-EEB3-4C69-A7CB-06AF0C1AAA79}.Debug|Any CPU.ActiveCfg = Debug|Any CPU
		{FF5F2927-EEB3-4C69-A7CB-06AF0C1AAA79}.Debug|Any CPU.Build.0 = Debug|Any CPU
		{FF5F2927-EEB3-4C69-A7CB-06AF0C1AAA79}.Release|Any CPU.ActiveCfg = Release|Any CPU
		{FF5F2927-EEB3-4C69-A7CB-06AF0C1AAA79}.Release|Any CPU.Build.0 = Release|Any CPU
		{FCACD517-061F-4280-8AF5-48817AC00ADD}.Debug|Any CPU.ActiveCfg = Debug|Any CPU
		{FCACD517-061F-4280-8AF5-48817AC00ADD}.Debug|Any CPU.Build.0 = Debug|Any CPU
		{FCACD517-061F-4280-8AF5-48817AC00ADD}.Release|Any CPU.ActiveCfg = Release|Any CPU
		{FCACD517-061F-4280-8AF5-48817AC00ADD}.Release|Any CPU.Build.0 = Release|Any CPU
		{4BECA40E-E619-4C9B-B6AF-4360395DA7E4}.Debug|Any CPU.ActiveCfg = Debug|Any CPU
		{4BECA40E-E619-4C9B-B6AF-4360395DA7E4}.Debug|Any CPU.Build.0 = Debug|Any CPU
		{4BECA40E-E619-4C9B-B6AF-4360395DA7E4}.Release|Any CPU.ActiveCfg = Release|Any CPU
		{4BECA40E-E619-4C9B-B6AF-4360395DA7E4}.Release|Any CPU.Build.0 = Release|Any CPU
		{10986EE5-996F-47EC-8DEA-D67CAB093638}.Debug|Any CPU.ActiveCfg = Debug|Any CPU
		{10986EE5-996F-47EC-8DEA-D67CAB093638}.Debug|Any CPU.Build.0 = Debug|Any CPU
		{10986EE5-996F-47EC-8DEA-D67CAB093638}.Release|Any CPU.ActiveCfg = Release|Any CPU
		{10986EE5-996F-47EC-8DEA-D67CAB093638}.Release|Any CPU.Build.0 = Release|Any CPU
	EndGlobalSection
	GlobalSection(SolutionProperties) = preSolution
		HideSolutionNode = FALSE
	EndGlobalSection
	GlobalSection(ExtensibilityGlobals) = postSolution
		SolutionGuid = {EE840610-B484-4B67-8A93-533DE068B3DA}
	EndGlobalSection
EndGlobal
